# This file is automatically @generated by Cargo.
# It is not intended for manual editing.
version = 3

[[package]]
name = "aho-corasick"
version = "0.7.20"
source = "registry+https://github.com/rust-lang/crates.io-index"
checksum = "cc936419f96fa211c1b9166887b38e5e40b19958e5b895be7c1f93adec7071ac"
dependencies = [
 "memchr",
]

[[package]]
name = "anyhow"
version = "1.0.68"
source = "registry+https://github.com/rust-lang/crates.io-index"
checksum = "2cb2f989d18dd141ab8ae82f64d1a8cdd37e0840f73a406896cf5e99502fab61"

[[package]]
name = "autocfg"
version = "1.1.0"
source = "registry+https://github.com/rust-lang/crates.io-index"
checksum = "d468802bab17cbc0cc575e9b053f41e72aa36bfa6b7f55e3529ffa43161b97fa"

[[package]]
name = "base64"
version = "0.21.0"
source = "registry+https://github.com/rust-lang/crates.io-index"
checksum = "a4a4ddaa51a5bc52a6948f74c06d20aaaddb71924eab79b8c97a8c556e942d6a"

[[package]]
name = "bincode"
version = "1.3.3"
source = "registry+https://github.com/rust-lang/crates.io-index"
checksum = "b1f45e9417d87227c7a56d22e471c6206462cba514c7590c09aff4cf6d1ddcad"
dependencies = [
 "serde",
]

[[package]]
name = "bitflags"
version = "1.3.2"
source = "registry+https://github.com/rust-lang/crates.io-index"
checksum = "bef38d45163c2f1dde094a7dfd33ccf595c92905c8f8f4fdc18d06fb1037718a"

[[package]]
name = "bumpalo"
version = "3.12.0"
source = "registry+https://github.com/rust-lang/crates.io-index"
checksum = "0d261e256854913907f67ed06efbc3338dfe6179796deefc1ff763fc1aee5535"

[[package]]
name = "bytes"
version = "1.3.0"
source = "registry+https://github.com/rust-lang/crates.io-index"
checksum = "dfb24e866b15a1af2a1b663f10c6b6b8f397a84aadb828f12e5b289ec23a3a3c"

[[package]]
name = "cc"
version = "1.0.78"
source = "registry+https://github.com/rust-lang/crates.io-index"
checksum = "a20104e2335ce8a659d6dd92a51a767a0c062599c73b343fd152cb401e828c3d"

[[package]]
name = "cfg-if"
version = "1.0.0"
source = "registry+https://github.com/rust-lang/crates.io-index"
checksum = "baf1de4339761588bc0619e3cbc0120ee582ebb74b53b4efbf79117bd2da40fd"

[[package]]
name = "core-foundation"
version = "0.9.3"
source = "registry+https://github.com/rust-lang/crates.io-index"
checksum = "194a7a9e6de53fa55116934067c844d9d749312f75c6f6d0980e8c252f8c2146"
dependencies = [
 "core-foundation-sys",
 "libc",
]

[[package]]
name = "core-foundation-sys"
version = "0.8.3"
source = "registry+https://github.com/rust-lang/crates.io-index"
checksum = "5827cebf4670468b8772dd191856768aedcb1b0278a04f989f7766351917b9dc"

[[package]]
name = "crdts"
version = "7.2.0"
source = "registry+https://github.com/rust-lang/crates.io-index"
checksum = "f4c7e621779799b7dfb00cd9bb4542c731de872a7af49c0e550d2a47f46d15c1"
dependencies = [
 "num",
 "quickcheck",
 "serde",
 "tiny-keccak",
]

[[package]]
name = "crunchy"
version = "0.2.2"
source = "registry+https://github.com/rust-lang/crates.io-index"
checksum = "7a81dae078cea95a014a339291cec439d2f232ebe854a9d672b796c6afafa9b7"

[[package]]
name = "env_logger"
version = "0.7.1"
source = "registry+https://github.com/rust-lang/crates.io-index"
checksum = "44533bbbb3bb3c1fa17d9f2e4e38bbbaf8396ba82193c4cb1b6445d711445d36"
dependencies = [
 "log",
 "regex",
]

[[package]]
name = "foca"
version = "0.10.0"
source = "registry+https://github.com/rust-lang/crates.io-index"
checksum = "4e3225076829e4a5866208fc82f12abf54c57c9b8e62b6a336d606853fba7e54"
dependencies = [
 "anyhow",
 "bincode",
 "bytes",
 "rand 0.8.5",
 "serde",
]

[[package]]
name = "futures"
version = "0.3.25"
source = "registry+https://github.com/rust-lang/crates.io-index"
checksum = "38390104763dc37a5145a53c29c63c1290b5d316d6086ec32c293f6736051bb0"
dependencies = [
 "futures-channel",
 "futures-core",
 "futures-executor",
 "futures-io",
 "futures-sink",
 "futures-task",
 "futures-util",
]

[[package]]
name = "futures-channel"
version = "0.3.25"
source = "registry+https://github.com/rust-lang/crates.io-index"
checksum = "52ba265a92256105f45b719605a571ffe2d1f0fea3807304b522c1d778f79eed"
dependencies = [
 "futures-core",
 "futures-sink",
]

[[package]]
name = "futures-core"
version = "0.3.25"
source = "registry+https://github.com/rust-lang/crates.io-index"
checksum = "04909a7a7e4633ae6c4a9ab280aeb86da1236243a77b694a49eacd659a4bd3ac"

[[package]]
name = "futures-executor"
version = "0.3.25"
source = "registry+https://github.com/rust-lang/crates.io-index"
checksum = "7acc85df6714c176ab5edf386123fafe217be88c0840ec11f199441134a074e2"
dependencies = [
 "futures-core",
 "futures-task",
 "futures-util",
]

[[package]]
name = "futures-io"
version = "0.3.25"
source = "registry+https://github.com/rust-lang/crates.io-index"
checksum = "00f5fb52a06bdcadeb54e8d3671f8888a39697dcb0b81b23b55174030427f4eb"

[[package]]
name = "futures-macro"
version = "0.3.25"
source = "registry+https://github.com/rust-lang/crates.io-index"
checksum = "bdfb8ce053d86b91919aad980c220b1fb8401a9394410e1c289ed7e66b61835d"
dependencies = [
 "proc-macro2",
 "quote",
 "syn",
]

[[package]]
name = "futures-sink"
version = "0.3.25"
source = "registry+https://github.com/rust-lang/crates.io-index"
checksum = "39c15cf1a4aa79df40f1bb462fb39676d0ad9e366c2a33b590d7c66f4f81fcf9"

[[package]]
name = "futures-task"
version = "0.3.25"
source = "registry+https://github.com/rust-lang/crates.io-index"
checksum = "2ffb393ac5d9a6eaa9d3fdf37ae2776656b706e200c8e16b1bdb227f5198e6ea"

[[package]]
name = "futures-util"
version = "0.3.25"
source = "registry+https://github.com/rust-lang/crates.io-index"
checksum = "197676987abd2f9cadff84926f410af1c183608d36641465df73ae8211dc65d6"
dependencies = [
 "futures-channel",
 "futures-core",
 "futures-io",
 "futures-macro",
 "futures-sink",
 "futures-task",
 "memchr",
 "pin-project-lite",
 "pin-utils",
 "slab",
]

[[package]]
name = "getrandom"
version = "0.1.16"
source = "registry+https://github.com/rust-lang/crates.io-index"
checksum = "8fc3cb4d91f53b50155bdcfd23f6a4c39ae1969c2ae85982b135750cccaf5fce"
dependencies = [
 "cfg-if",
 "libc",
 "wasi 0.9.0+wasi-snapshot-preview1",
]

[[package]]
name = "getrandom"
version = "0.2.8"
source = "registry+https://github.com/rust-lang/crates.io-index"
checksum = "c05aeb6a22b8f62540c194aac980f2115af067bfe15a0734d7277a768d396b31"
dependencies = [
 "cfg-if",
 "libc",
 "wasi 0.11.0+wasi-snapshot-preview1",
]

[[package]]
name = "hermit-abi"
version = "0.2.6"
source = "registry+https://github.com/rust-lang/crates.io-index"
checksum = "ee512640fe35acbfb4bb779db6f0d80704c2cacfa2e39b601ef3e3f47d1ae4c7"
dependencies = [
 "libc",
]

[[package]]
name = "humantime"
version = "2.1.0"
source = "registry+https://github.com/rust-lang/crates.io-index"
checksum = "9a3a5bfb195931eeb336b2a7b4d761daec841b97f947d34394601737a7bba5e4"

[[package]]
name = "js-sys"
version = "0.3.60"
source = "registry+https://github.com/rust-lang/crates.io-index"
checksum = "49409df3e3bf0856b916e2ceaca09ee28e6871cf7d9ce97a692cacfdb2a25a47"
dependencies = [
 "wasm-bindgen",
]

[[package]]
name = "lazy_static"
version = "1.4.0"
source = "registry+https://github.com/rust-lang/crates.io-index"
checksum = "e2abad23fbc42b3700f2f279844dc832adb2b2eb069b2df918f455c4e18cc646"

[[package]]
name = "libc"
version = "0.2.139"
source = "registry+https://github.com/rust-lang/crates.io-index"
checksum = "201de327520df007757c1f0adce6e827fe8562fbc28bfd9c15571c66ca1f5f79"

[[package]]
name = "lock_api"
version = "0.4.9"
source = "registry+https://github.com/rust-lang/crates.io-index"
checksum = "435011366fe56583b16cf956f9df0095b405b82d76425bc8981c0e22e60ec4df"
dependencies = [
 "autocfg",
 "scopeguard",
]

[[package]]
name = "log"
version = "0.4.17"
source = "registry+https://github.com/rust-lang/crates.io-index"
checksum = "abb12e687cfb44aa40f41fc3978ef76448f9b6038cad6aef4259d3c095a2382e"
dependencies = [
 "cfg-if",
]

[[package]]
name = "memchr"
version = "2.5.0"
source = "registry+https://github.com/rust-lang/crates.io-index"
checksum = "2dffe52ecf27772e601905b7522cb4ef790d2cc203488bbd0e2fe85fcb74566d"

[[package]]
name = "mio"
version = "0.8.5"
source = "registry+https://github.com/rust-lang/crates.io-index"
checksum = "e5d732bc30207a6423068df043e3d02e0735b155ad7ce1a6f76fe2baa5b158de"
dependencies = [
 "libc",
 "log",
 "wasi 0.11.0+wasi-snapshot-preview1",
 "windows-sys",
]

[[package]]
name = "mod_use"
version = "0.2.1"
source = "registry+https://github.com/rust-lang/crates.io-index"
checksum = "d95ee98a292cf91c2f5b3f35424773af16842a68b3be33b389137606b2633539"

[[package]]
name = "nu-ansi-term"
version = "0.46.0"
source = "registry+https://github.com/rust-lang/crates.io-index"
checksum = "77a8165726e8236064dbb45459242600304b42a5ea24ee2948e18e023bf7ba84"
dependencies = [
 "overload",
 "winapi",
]

[[package]]
name = "num"
version = "0.3.1"
source = "registry+https://github.com/rust-lang/crates.io-index"
checksum = "8b7a8e9be5e039e2ff869df49155f1c06bd01ade2117ec783e56ab0932b67a8f"
dependencies = [
 "num-bigint",
 "num-complex",
 "num-integer",
 "num-iter",
 "num-rational",
 "num-traits",
]

[[package]]
name = "num-bigint"
version = "0.3.3"
source = "registry+https://github.com/rust-lang/crates.io-index"
checksum = "5f6f7833f2cbf2360a6cfd58cd41a53aa7a90bd4c202f5b1c7dd2ed73c57b2c3"
dependencies = [
 "autocfg",
 "num-integer",
 "num-traits",
 "serde",
]

[[package]]
name = "num-complex"
version = "0.3.1"
source = "registry+https://github.com/rust-lang/crates.io-index"
checksum = "747d632c0c558b87dbabbe6a82f3b4ae03720d0646ac5b7b4dae89394be5f2c5"
dependencies = [
 "num-traits",
 "serde",
]

[[package]]
name = "num-integer"
version = "0.1.45"
source = "registry+https://github.com/rust-lang/crates.io-index"
checksum = "225d3389fb3509a24c93f5c29eb6bde2586b98d9f016636dff58d7c6f7569cd9"
dependencies = [
 "autocfg",
 "num-traits",
]

[[package]]
name = "num-iter"
version = "0.1.43"
source = "registry+https://github.com/rust-lang/crates.io-index"
checksum = "7d03e6c028c5dc5cac6e2dec0efda81fc887605bb3d884578bb6d6bf7514e252"
dependencies = [
 "autocfg",
 "num-integer",
 "num-traits",
]

[[package]]
name = "num-rational"
version = "0.3.2"
source = "registry+https://github.com/rust-lang/crates.io-index"
checksum = "12ac428b1cb17fce6f731001d307d351ec70a6d202fc2e60f7d4c5e42d8f4f07"
dependencies = [
 "autocfg",
 "num-bigint",
 "num-integer",
 "num-traits",
 "serde",
]

[[package]]
name = "num-traits"
version = "0.2.15"
source = "registry+https://github.com/rust-lang/crates.io-index"
checksum = "578ede34cf02f8924ab9447f50c28075b4d3e5b269972345e7e0372b38c6cdcd"
dependencies = [
 "autocfg",
]

[[package]]
name = "num_cpus"
version = "1.15.0"
source = "registry+https://github.com/rust-lang/crates.io-index"
checksum = "0fac9e2da13b5eb447a6ce3d392f23a29d8694bff781bf03a16cd9ac8697593b"
dependencies = [
 "hermit-abi",
 "libc",
]

[[package]]
name = "once_cell"
version = "1.17.0"
source = "registry+https://github.com/rust-lang/crates.io-index"
checksum = "6f61fba1741ea2b3d6a1e3178721804bb716a68a6aeba1149b5d52e3d464ea66"

[[package]]
name = "openssl-probe"
version = "0.1.5"
source = "registry+https://github.com/rust-lang/crates.io-index"
checksum = "ff011a302c396a5197692431fc1948019154afc178baf7d8e37367442a4601cf"

[[package]]
name = "orchinus"
version = "0.1.0"
dependencies = [
 "bincode",
 "crdts",
 "foca",
 "futures",
 "humantime",
 "mod_use",
 "quinn",
 "rand 0.8.5",
 "serde",
 "tap",
 "thiserror",
 "tokio",
 "tracing",
 "tracing-subscriber",
]

[[package]]
name = "overload"
version = "0.1.1"
source = "registry+https://github.com/rust-lang/crates.io-index"
checksum = "b15813163c1d831bf4a13c3610c05c0d03b39feb07f7e09fa234dac9b15aaf39"

[[package]]
name = "parking_lot"
version = "0.12.1"
source = "registry+https://github.com/rust-lang/crates.io-index"
checksum = "3742b2c103b9f06bc9fff0a37ff4912935851bee6d36f3c02bcc755bcfec228f"
dependencies = [
 "lock_api",
 "parking_lot_core",
]

[[package]]
name = "parking_lot_core"
version = "0.9.6"
source = "registry+https://github.com/rust-lang/crates.io-index"
checksum = "ba1ef8814b5c993410bb3adfad7a5ed269563e4a2f90c41f5d85be7fb47133bf"
dependencies = [
 "cfg-if",
 "libc",
 "redox_syscall",
 "smallvec",
 "windows-sys",
]

[[package]]
name = "pin-project-lite"
version = "0.2.9"
source = "registry+https://github.com/rust-lang/crates.io-index"
checksum = "e0a7ae3ac2f1173085d398531c705756c94a4c56843785df85a60c1a0afac116"

[[package]]
name = "pin-utils"
version = "0.1.0"
source = "registry+https://github.com/rust-lang/crates.io-index"
checksum = "8b870d8c151b6f2fb93e84a13146138f05d02ed11c7e7c54f8826aaaf7c9f184"

[[package]]
name = "ppv-lite86"
version = "0.2.17"
source = "registry+https://github.com/rust-lang/crates.io-index"
checksum = "5b40af805b3121feab8a3c29f04d8ad262fa8e0561883e7653e024ae4479e6de"

[[package]]
name = "proc-macro2"
version = "1.0.50"
source = "registry+https://github.com/rust-lang/crates.io-index"
checksum = "6ef7d57beacfaf2d8aee5937dab7b7f28de3cb8b1828479bb5de2a7106f2bae2"
dependencies = [
 "unicode-ident",
]

[[package]]
name = "quickcheck"
version = "0.9.2"
source = "registry+https://github.com/rust-lang/crates.io-index"
checksum = "a44883e74aa97ad63db83c4bf8ca490f02b2fc02f92575e720c8551e843c945f"
dependencies = [
 "env_logger",
 "log",
 "rand 0.7.3",
 "rand_core 0.5.1",
]

[[package]]
name = "quinn"
version = "0.9.3"
source = "registry+https://github.com/rust-lang/crates.io-index"
checksum = "445cbfe2382fa023c4f2f3c7e1c95c03dcc1df2bf23cebcb2b13e1402c4394d1"
dependencies = [
 "bytes",
 "pin-project-lite",
 "quinn-proto",
 "quinn-udp",
 "rustc-hash",
 "rustls",
 "thiserror",
 "tokio",
 "tracing",
 "webpki",
]

[[package]]
name = "quinn-proto"
version = "0.9.2"
source = "registry+https://github.com/rust-lang/crates.io-index"
checksum = "72ef4ced82a24bb281af338b9e8f94429b6eca01b4e66d899f40031f074e74c9"
dependencies = [
 "bytes",
 "rand 0.8.5",
 "ring",
 "rustc-hash",
 "rustls",
 "rustls-native-certs",
 "slab",
 "thiserror",
 "tinyvec",
 "tracing",
 "webpki",
]

[[package]]
name = "quinn-udp"
version = "0.3.2"
source = "registry+https://github.com/rust-lang/crates.io-index"
checksum = "641538578b21f5e5c8ea733b736895576d0fe329bb883b937db6f4d163dbaaf4"
dependencies = [
 "libc",
 "quinn-proto",
 "socket2",
 "tracing",
 "windows-sys",
]

[[package]]
name = "quote"
version = "1.0.23"
source = "registry+https://github.com/rust-lang/crates.io-index"
checksum = "8856d8364d252a14d474036ea1358d63c9e6965c8e5c1885c18f73d70bff9c7b"
dependencies = [
 "proc-macro2",
]

[[package]]
name = "rand"
version = "0.7.3"
source = "registry+https://github.com/rust-lang/crates.io-index"
checksum = "6a6b1679d49b24bbfe0c803429aa1874472f50d9b363131f0e89fc356b544d03"
dependencies = [
 "getrandom 0.1.16",
 "libc",
 "rand_chacha 0.2.2",
 "rand_core 0.5.1",
 "rand_hc",
]

[[package]]
name = "rand"
version = "0.8.5"
source = "registry+https://github.com/rust-lang/crates.io-index"
checksum = "34af8d1a0e25924bc5b7c43c079c942339d8f0a8b57c39049bef581b46327404"
dependencies = [
 "libc",
 "rand_chacha 0.3.1",
 "rand_core 0.6.4",
]

[[package]]
name = "rand_chacha"
version = "0.2.2"
source = "registry+https://github.com/rust-lang/crates.io-index"
checksum = "f4c8ed856279c9737206bf725bf36935d8666ead7aa69b52be55af369d193402"
dependencies = [
 "ppv-lite86",
 "rand_core 0.5.1",
]

[[package]]
name = "rand_chacha"
version = "0.3.1"
source = "registry+https://github.com/rust-lang/crates.io-index"
checksum = "e6c10a63a0fa32252be49d21e7709d4d4baf8d231c2dbce1eaa8141b9b127d88"
dependencies = [
 "ppv-lite86",
 "rand_core 0.6.4",
]

[[package]]
name = "rand_core"
version = "0.5.1"
source = "registry+https://github.com/rust-lang/crates.io-index"
checksum = "90bde5296fc891b0cef12a6d03ddccc162ce7b2aff54160af9338f8d40df6d19"
dependencies = [
 "getrandom 0.1.16",
]

[[package]]
name = "rand_core"
version = "0.6.4"
source = "registry+https://github.com/rust-lang/crates.io-index"
checksum = "ec0be4795e2f6a28069bec0b5ff3e2ac9bafc99e6a9a7dc3547996c5c816922c"
dependencies = [
 "getrandom 0.2.8",
]

[[package]]
name = "rand_hc"
version = "0.2.0"
source = "registry+https://github.com/rust-lang/crates.io-index"
checksum = "ca3129af7b92a17112d59ad498c6f81eaf463253766b90396d39ea7a39d6613c"
dependencies = [
 "rand_core 0.5.1",
]

[[package]]
name = "redox_syscall"
version = "0.2.16"
source = "registry+https://github.com/rust-lang/crates.io-index"
checksum = "fb5a58c1855b4b6819d59012155603f0b22ad30cad752600aadfcb695265519a"
dependencies = [
 "bitflags",
]

[[package]]
name = "regex"
version = "1.7.1"
source = "registry+https://github.com/rust-lang/crates.io-index"
checksum = "48aaa5748ba571fb95cd2c85c09f629215d3a6ece942baa100950af03a34f733"
dependencies = [
 "aho-corasick",
 "memchr",
 "regex-syntax",
]

[[package]]
name = "regex-syntax"
version = "0.6.28"
source = "registry+https://github.com/rust-lang/crates.io-index"
checksum = "456c603be3e8d448b072f410900c09faf164fbce2d480456f50eea6e25f9c848"

[[package]]
name = "ring"
version = "0.16.20"
source = "registry+https://github.com/rust-lang/crates.io-index"
checksum = "3053cf52e236a3ed746dfc745aa9cacf1b791d846bdaf412f60a8d7d6e17c8fc"
dependencies = [
 "cc",
 "libc",
 "once_cell",
 "spin",
 "untrusted",
 "web-sys",
 "winapi",
]

[[package]]
name = "rustc-hash"
version = "1.1.0"
source = "registry+https://github.com/rust-lang/crates.io-index"
checksum = "08d43f7aa6b08d49f382cde6a7982047c3426db949b1424bc4b7ec9ae12c6ce2"

[[package]]
name = "rustls"
version = "0.20.8"
source = "registry+https://github.com/rust-lang/crates.io-index"
checksum = "fff78fc74d175294f4e83b28343315ffcfb114b156f0185e9741cb5570f50e2f"
dependencies = [
 "ring",
 "sct",
 "webpki",
]

[[package]]
name = "rustls-native-certs"
version = "0.6.2"
source = "registry+https://github.com/rust-lang/crates.io-index"
checksum = "0167bac7a9f490495f3c33013e7722b53cb087ecbe082fb0c6387c96f634ea50"
dependencies = [
 "openssl-probe",
 "rustls-pemfile",
 "schannel",
 "security-framework",
]

[[package]]
name = "rustls-pemfile"
version = "1.0.2"
source = "registry+https://github.com/rust-lang/crates.io-index"
checksum = "d194b56d58803a43635bdc398cd17e383d6f71f9182b9a192c127ca42494a59b"
dependencies = [
 "base64",
]

[[package]]
name = "schannel"
version = "0.1.21"
source = "registry+https://github.com/rust-lang/crates.io-index"
checksum = "713cfb06c7059f3588fb8044c0fad1d09e3c01d225e25b9220dbfdcf16dbb1b3"
dependencies = [
 "windows-sys",
]

[[package]]
name = "scopeguard"
version = "1.1.0"
source = "registry+https://github.com/rust-lang/crates.io-index"
checksum = "d29ab0c6d3fc0ee92fe66e2d99f700eab17a8d57d1c1d3b748380fb20baa78cd"

[[package]]
name = "sct"
version = "0.7.0"
source = "registry+https://github.com/rust-lang/crates.io-index"
checksum = "d53dcdb7c9f8158937a7981b48accfd39a43af418591a5d008c7b22b5e1b7ca4"
dependencies = [
 "ring",
 "untrusted",
]

[[package]]
name = "security-framework"
version = "2.8.1"
source = "registry+https://github.com/rust-lang/crates.io-index"
checksum = "7c4437699b6d34972de58652c68b98cb5b53a4199ab126db8e20ec8ded29a721"
dependencies = [
 "bitflags",
 "core-foundation",
 "core-foundation-sys",
 "libc",
 "security-framework-sys",
]

[[package]]
name = "security-framework-sys"
version = "2.8.0"
source = "registry+https://github.com/rust-lang/crates.io-index"
checksum = "31c9bb296072e961fcbd8853511dd39c2d8be2deb1e17c6860b1d30732b323b4"
dependencies = [
 "core-foundation-sys",
 "libc",
]

[[package]]
name = "serde"
version = "1.0.152"
source = "registry+https://github.com/rust-lang/crates.io-index"
checksum = "bb7d1f0d3021d347a83e556fc4683dea2ea09d87bccdf88ff5c12545d89d5efb"
dependencies = [
 "serde_derive",
]

[[package]]
name = "serde_derive"
version = "1.0.152"
source = "registry+https://github.com/rust-lang/crates.io-index"
checksum = "af487d118eecd09402d70a5d72551860e788df87b464af30e5ea6a38c75c541e"
dependencies = [
 "proc-macro2",
 "quote",
 "syn",
]

[[package]]
name = "sharded-slab"
version = "0.1.4"
source = "registry+https://github.com/rust-lang/crates.io-index"
checksum = "900fba806f70c630b0a382d0d825e17a0f19fcd059a2ade1ff237bcddf446b31"
dependencies = [
 "lazy_static",
]

[[package]]
name = "signal-hook-registry"
version = "1.4.0"
source = "registry+https://github.com/rust-lang/crates.io-index"
checksum = "e51e73328dc4ac0c7ccbda3a494dfa03df1de2f46018127f60c693f2648455b0"
dependencies = [
 "libc",
]

[[package]]
name = "slab"
version = "0.4.7"
source = "registry+https://github.com/rust-lang/crates.io-index"
checksum = "4614a76b2a8be0058caa9dbbaf66d988527d86d003c11a94fbd335d7661edcef"
dependencies = [
 "autocfg",
]

[[package]]
name = "smallvec"
version = "1.10.0"
source = "registry+https://github.com/rust-lang/crates.io-index"
checksum = "a507befe795404456341dfab10cef66ead4c041f62b8b11bbb92bffe5d0953e0"

[[package]]
name = "socket2"
version = "0.4.7"
source = "registry+https://github.com/rust-lang/crates.io-index"
checksum = "02e2d2db9033d13a1567121ddd7a095ee144db4e1ca1b1bda3419bc0da294ebd"
dependencies = [
 "libc",
 "winapi",
]

[[package]]
name = "spin"
version = "0.5.2"
source = "registry+https://github.com/rust-lang/crates.io-index"
checksum = "6e63cff320ae2c57904679ba7cb63280a3dc4613885beafb148ee7bf9aa9042d"

[[package]]
name = "syn"
version = "1.0.107"
source = "registry+https://github.com/rust-lang/crates.io-index"
checksum = "1f4064b5b16e03ae50984a5a8ed5d4f8803e6bc1fd170a3cda91a1be4b18e3f5"
dependencies = [
 "proc-macro2",
 "quote",
 "unicode-ident",
]

[[package]]
name = "tap"
version = "1.0.1"
source = "registry+https://github.com/rust-lang/crates.io-index"
checksum = "55937e1799185b12863d447f42597ed69d9928686b8d88a1df17376a097d8369"

[[package]]
name = "thiserror"
version = "1.0.38"
source = "registry+https://github.com/rust-lang/crates.io-index"
checksum = "6a9cd18aa97d5c45c6603caea1da6628790b37f7a34b6ca89522331c5180fed0"
dependencies = [
 "thiserror-impl",
]

[[package]]
name = "thiserror-impl"
version = "1.0.38"
source = "registry+https://github.com/rust-lang/crates.io-index"
checksum = "1fb327af4685e4d03fa8cbcf1716380da910eeb2bb8be417e7f9fd3fb164f36f"
dependencies = [
 "proc-macro2",
 "quote",
 "syn",
]

[[package]]
name = "thread_local"
version = "1.1.4"
source = "registry+https://github.com/rust-lang/crates.io-index"
checksum = "5516c27b78311c50bf42c071425c560ac799b11c30b31f87e3081965fe5e0180"
dependencies = [
 "once_cell",
]

[[package]]
name = "tiny-keccak"
version = "2.0.2"
source = "registry+https://github.com/rust-lang/crates.io-index"
checksum = "2c9d3793400a45f954c52e73d068316d76b6f4e36977e3fcebb13a2721e80237"
dependencies = [
 "crunchy",
]

[[package]]
name = "tinyvec"
version = "1.6.0"
source = "registry+https://github.com/rust-lang/crates.io-index"
checksum = "87cc5ceb3875bb20c2890005a4e226a4651264a5c75edb2421b52861a0a0cb50"
dependencies = [
 "tinyvec_macros",
]

[[package]]
name = "tinyvec_macros"
version = "0.1.0"
source = "registry+https://github.com/rust-lang/crates.io-index"
checksum = "cda74da7e1a664f795bb1f8a87ec406fb89a02522cf6e50620d016add6dbbf5c"

[[package]]
name = "tokio"
version = "1.24.2"
source = "registry+https://github.com/rust-lang/crates.io-index"
checksum = "597a12a59981d9e3c38d216785b0c37399f6e415e8d0712047620f189371b0bb"
dependencies = [
 "autocfg",
 "bytes",
 "libc",
 "memchr",
 "mio",
 "num_cpus",
 "parking_lot",
 "pin-project-lite",
 "signal-hook-registry",
 "socket2",
 "tokio-macros",
 "windows-sys",
]

[[package]]
name = "tokio-macros"
version = "1.8.2"
source = "registry+https://github.com/rust-lang/crates.io-index"
checksum = "d266c00fde287f55d3f1c3e96c500c362a2b8c695076ec180f27918820bc6df8"
dependencies = [
 "proc-macro2",
 "quote",
 "syn",
]

[[package]]
name = "tracing"
version = "0.1.37"
source = "registry+https://github.com/rust-lang/crates.io-index"
checksum = "8ce8c33a8d48bd45d624a6e523445fd21ec13d3653cd51f681abf67418f54eb8"
dependencies = [
 "cfg-if",
 "pin-project-lite",
 "tracing-attributes",
 "tracing-core",
]

[[package]]
name = "tracing-attributes"
version = "0.1.23"
source = "registry+https://github.com/rust-lang/crates.io-index"
checksum = "4017f8f45139870ca7e672686113917c71c7a6e02d4924eda67186083c03081a"
dependencies = [
 "proc-macro2",
 "quote",
 "syn",
]

[[package]]
name = "tracing-core"
version = "0.1.30"
source = "registry+https://github.com/rust-lang/crates.io-index"
checksum = "24eb03ba0eab1fd845050058ce5e616558e8f8d8fca633e6b163fe25c797213a"
dependencies = [
 "once_cell",
 "valuable",
]

[[package]]
name = "tracing-log"
version = "0.1.3"
source = "registry+https://github.com/rust-lang/crates.io-index"
checksum = "78ddad33d2d10b1ed7eb9d1f518a5674713876e97e5bb9b7345a7984fbb4f922"
dependencies = [
 "lazy_static",
 "log",
 "tracing-core",
]

[[package]]
name = "tracing-subscriber"
version = "0.3.16"
source = "registry+https://github.com/rust-lang/crates.io-index"
checksum = "a6176eae26dd70d0c919749377897b54a9276bd7061339665dd68777926b5a70"
dependencies = [
 "nu-ansi-term",
 "sharded-slab",
 "smallvec",
 "thread_local",
 "tracing-core",
 "tracing-log",
]

[[package]]
name = "unicode-ident"
version = "1.0.6"
source = "registry+https://github.com/rust-lang/crates.io-index"
checksum = "84a22b9f218b40614adcb3f4ff08b703773ad44fa9423e4e0d346d5db86e4ebc"

[[package]]
name = "untrusted"
version = "0.7.1"
source = "registry+https://github.com/rust-lang/crates.io-index"
checksum = "a156c684c91ea7d62626509bce3cb4e1d9ed5c4d978f7b4352658f96a4c26b4a"

[[package]]
name = "valuable"
version = "0.1.0"
source = "registry+https://github.com/rust-lang/crates.io-index"
checksum = "830b7e5d4d90034032940e4ace0d9a9a057e7a45cd94e6c007832e39edb82f6d"

[[package]]
name = "wasi"
version = "0.9.0+wasi-snapshot-preview1"
source = "registry+https://github.com/rust-lang/crates.io-index"
checksum = "cccddf32554fecc6acb585f82a32a72e28b48f8c4c1883ddfeeeaa96f7d8e519"

[[package]]
name = "wasi"
version = "0.11.0+wasi-snapshot-preview1"
source = "registry+https://github.com/rust-lang/crates.io-index"
checksum = "9c8d87e72b64a3b4db28d11ce29237c246188f4f51057d65a7eab63b7987e423"

[[package]]
name = "wasm-bindgen"
version = "0.2.83"
source = "registry+https://github.com/rust-lang/crates.io-index"
checksum = "eaf9f5aceeec8be17c128b2e93e031fb8a4d469bb9c4ae2d7dc1888b26887268"
dependencies = [
 "cfg-if",
 "wasm-bindgen-macro",
]

[[package]]
name = "wasm-bindgen-backend"
version = "0.2.83"
source = "registry+https://github.com/rust-lang/crates.io-index"
checksum = "4c8ffb332579b0557b52d268b91feab8df3615f265d5270fec2a8c95b17c1142"
dependencies = [
 "bumpalo",
 "log",
 "once_cell",
 "proc-macro2",
 "quote",
 "syn",
 "wasm-bindgen-shared",
]

[[package]]
name = "wasm-bindgen-macro"
version = "0.2.83"
source = "registry+https://github.com/rust-lang/crates.io-index"
checksum = "052be0f94026e6cbc75cdefc9bae13fd6052cdcaf532fa6c45e7ae33a1e6c810"
dependencies = [
 "quote",
 "wasm-bindgen-macro-support",
]

[[package]]
name = "wasm-bindgen-macro-support"
version = "0.2.83"
source = "registry+https://github.com/rust-lang/crates.io-index"
checksum = "07bc0c051dc5f23e307b13285f9d75df86bfdf816c5721e573dec1f9b8aa193c"
dependencies = [
 "proc-macro2",
 "quote",
 "syn",
 "wasm-bindgen-backend",
 "wasm-bindgen-shared",
]

[[package]]
name = "wasm-bindgen-shared"
version = "0.2.83"
source = "registry+https://github.com/rust-lang/crates.io-index"
checksum = "1c38c045535d93ec4f0b4defec448e4291638ee608530863b1e2ba115d4fff7f"

[[package]]
name = "web-sys"
version = "0.3.60"
source = "registry+https://github.com/rust-lang/crates.io-index"
checksum = "bcda906d8be16e728fd5adc5b729afad4e444e106ab28cd1c7256e54fa61510f"
dependencies = [
 "js-sys",
 "wasm-bindgen",
]

[[package]]
name = "webpki"
version = "0.22.0"
source = "registry+https://github.com/rust-lang/crates.io-index"
checksum = "f095d78192e208183081cc07bc5515ef55216397af48b873e5edcd72637fa1bd"
dependencies = [
 "ring",
 "untrusted",
]

[[package]]
name = "winapi"
version = "0.3.9"
source = "registry+https://github.com/rust-lang/crates.io-index"
checksum = "5c839a674fcd7a98952e593242ea400abe93992746761e38641405d28b00f419"
dependencies = [
 "winapi-i686-pc-windows-gnu",
 "winapi-x86_64-pc-windows-gnu",
]

[[package]]
name = "winapi-i686-pc-windows-gnu"
version = "0.4.0"
source = "registry+https://github.com/rust-lang/crates.io-index"
checksum = "ac3b87c63620426dd9b991e5ce0329eff545bccbbb34f3be09ff6fb6ab51b7b6"

[[package]]
name = "winapi-x86_64-pc-windows-gnu"
version = "0.4.0"
source = "registry+https://github.com/rust-lang/crates.io-index"
checksum = "712e227841d057c1ee1cd2fb22fa7e5a5461ae8e48fa2ca79ec42cfc1931183f"

[[package]]
name = "windows-sys"
version = "0.42.0"
source = "registry+https://github.com/rust-lang/crates.io-index"
checksum = "5a3e1820f08b8513f676f7ab6c1f99ff312fb97b553d30ff4dd86f9f15728aa7"
dependencies = [
 "windows_aarch64_gnullvm",
 "windows_aarch64_msvc",
 "windows_i686_gnu",
 "windows_i686_msvc",
 "windows_x86_64_gnu",
 "windows_x86_64_gnullvm",
 "windows_x86_64_msvc",
]

[[package]]
name = "windows_aarch64_gnullvm"
version = "0.42.1"
source = "registry+https://github.com/rust-lang/crates.io-index"
checksum = "8c9864e83243fdec7fc9c5444389dcbbfd258f745e7853198f365e3c4968a608"

[[package]]
name = "windows_aarch64_msvc"
version = "0.42.1"
source = "registry+https://github.com/rust-lang/crates.io-index"
checksum = "4c8b1b673ffc16c47a9ff48570a9d85e25d265735c503681332589af6253c6c7"

[[package]]
name = "windows_i686_gnu"
version = "0.42.1"
source = "registry+https://github.com/rust-lang/crates.io-index"
checksum = "de3887528ad530ba7bdbb1faa8275ec7a1155a45ffa57c37993960277145d640"

[[package]]
name = "windows_i686_msvc"
version = "0.42.1"
source = "registry+https://github.com/rust-lang/crates.io-index"
checksum = "bf4d1122317eddd6ff351aa852118a2418ad4214e6613a50e0191f7004372605"

[[package]]
name = "windows_x86_64_gnu"
version = "0.42.1"
source = "registry+https://github.com/rust-lang/crates.io-index"
checksum = "c1040f221285e17ebccbc2591ffdc2d44ee1f9186324dd3e84e99ac68d699c45"

[[package]]
name = "windows_x86_64_gnullvm"
version = "0.42.1"
source = "registry+https://github.com/rust-lang/crates.io-index"
checksum = "628bfdf232daa22b0d64fdb62b09fcc36bb01f05a3939e20ab73aaf9470d0463"

[[package]]
name = "windows_x86_64_msvc"
version = "0.42.1"
source = "registry+https://github.com/rust-lang/crates.io-index"
checksum = "447660ad36a13288b1db4d4248e857b510e8c3a225c822ba4fb748c0aafecffd"
